
Microsoft Visual Studio Solution File, Format Version 12.00
# Visual Studio Version 16
VisualStudioVersion = 16.0.30611.23
MinimumVisualStudioVersion = 10.0.40219.1
Project("{FAE04EC0-301F-11D3-BF4B-00C04F79EFBC}") = "company", "company\company.csproj", "{7718D463-225D-435E-95F7-93B95D918E78}"
EndProject
Global
	GlobalSection(SolutionConfigurationPlatforms) = preSolution
		Debug|Any CPU = Debug|Any CPU
		Release|Any CPU = Release|Any CPU
	EndGlobalSection
	GlobalSection(ProjectConfigurationPlatforms) = postSolution
		{7718D463-225D-435E-95F7-93B95D918E78}.Debug|Any CPU.ActiveCfg = Debug|Any CPU
		{7718D463-225D-435E-95F7-93B95D918E78}.Debug|Any CPU.Build.0 = Debug|Any CPU
		{7718D463-225D-435E-95F7-93B95D918E78}.Release|Any CPU.ActiveCfg = Release|Any CPU
		{7718D463-225D-435E-95F7-93B95D918E78}.Release|Any CPU.Build.0 = Release|Any CPU
	EndGlobalSection
	GlobalSection(SolutionProperties) = preSolution
		HideSolutionNode = FALSE
	EndGlobalSection
	GlobalSection(ExtensibilityGlobals) = postSolution
		SolutionGuid = {1F5B5D77-E3DE-473F-8B94-E981C6AC44D3}
	EndGlobalSection
EndGlobal
